# THIS IS AN AUTOGENERATED FILE. DO NOT EDIT THIS FILE DIRECTLY.
# yarn lockfile v1


"@glennsl/bs-json@^5.0.2":
  version "5.0.2"
  resolved "https://registry.yarnpkg.com/@glennsl/bs-json/-/bs-json-5.0.2.tgz#cfb85d94d370ec6dc17849e0ddb1a51eee08cfcc"
  integrity sha512-vVlHJNrhmwvhyea14YiV4L5pDLjqw1edE3GzvMxlbPPQZVhzgO3sTWrUxCpQd2gV+CkMfk4FHBYunx9nWtBoDg==

"@softwarefactory-project/re-sf@../../re-sf":
  version "0.1.0"
  dependencies:
    bs-platform "^8.2.0"
    decco "^1.3.0"

argparse@^1.0.7:
  version "1.0.10"
  resolved "https://registry.yarnpkg.com/argparse/-/argparse-1.0.10.tgz#bcd6791ea5ae09725e17e5ad988134cd40b3d911"
  integrity sha512-o5Roy6tNG4SL/FOkCAN6RzjiakZS25RLYFrcMttJqbdd8BWrnA+fGz57iN5Pb06pvBGvl5gQ0B48dJlslXvoTg==
  dependencies:
    sprintf-js "~1.0.2"

axios@^0.19.2:
  version "0.19.2"
  resolved "https://registry.yarnpkg.com/axios/-/axios-0.19.2.tgz#3ea36c5d8818d0d5f8a8a97a6d36b86cdc00cb27"
  integrity sha512-fjgm5MvRHLhx+osE2xoekY70AhARk3a6hkN+3Io1jc00jtquGvxYlKlsFUhmUET0V5te6CcZI7lcv2Ym61mjHA==
  dependencies:
    follow-redirects "1.5.10"

bs-axios@^0.0.43:
  version "0.0.43"
  resolved "https://registry.yarnpkg.com/bs-axios/-/bs-axios-0.0.43.tgz#7ab10c7252802b168b261ef418558b7f30505b8d"
  integrity sha512-TI+LZ3L4KurI/D6O60Ao04OYoknla7EJuCRBRQvWohxKO7ZMYThelYEEeChIVjjqZxukIVAag3JQ3+/WCJvwrg==
  dependencies:
    axios "^0.19.2"

"bs-parse@https://github.com/aitoroses/bs-parse":
  version "1.0.0"
  resolved "https://github.com/aitoroses/bs-parse#db070fffd0de232c7fe4e733e84761bb4fa3f20a"

bs-platform@^8.2.0:
  version "8.3.1"
  resolved "https://registry.yarnpkg.com/bs-platform/-/bs-platform-8.3.1.tgz#49ac0d7b84bcec190a7361353557cae965f92c67"
  integrity sha512-U7nKEGF1BfvODzcv1g2loeltE8YRCgX8mMlCojImsgI0HwfQKEq7ggO5dF1ae9ZfFxiLaI0069ZyoK5GLBO2OQ==

debug@=3.1.0:
  version "3.1.0"
  resolved "https://registry.yarnpkg.com/debug/-/debug-3.1.0.tgz#5bb5a0672628b64149566ba16819e61518c67261"
  integrity sha512-OX8XqP7/1a9cqkxYw2yXss15f26NKWBpDXQd0/uK/KPqdQhxbPa994hnzjcE2VqQpDslf55723cKPUOGSmMY3g==
  dependencies:
    ms "2.0.0"

decco@^1.3.0:
  version "1.3.0"
  resolved "https://registry.yarnpkg.com/decco/-/decco-1.3.0.tgz#25a130a4638fcf2088f713fe871e58308604c0cb"
  integrity sha512-pednHg+Skby+sw193hbHTRLihZskmXrPsVMlqL9XpuLm+HfwMgS76lFRAkTGAi3435q0TBygTpt8McVTyk4Sfw==

esprima@^4.0.0:
  version "4.0.1"
  resolved "https://registry.yarnpkg.com/esprima/-/esprima-4.0.1.tgz#13b04cdb3e6c5d19df91ab6987a8695619b0aa71"
  integrity sha512-eGuFFw7Upda+g4p+QHvnW0RyTX/SVeJBDM/gCtMARO0cLuT2HcEKnTPvhjV6aGeqrCB/sbNop0Kszm0jsaWU4A==

follow-redirects@1.5.10:
  version "1.5.10"
  resolved "https://registry.yarnpkg.com/follow-redirects/-/follow-redirects-1.5.10.tgz#7b7a9f9aea2fdff36786a94ff643ed07f4ff5e2a"
  integrity sha512-0V5l4Cizzvqt5D44aTXbFZz+FtyXV1vrDN6qrelxtfYQKW0KO0W2T/hkE8xvGa/540LkZlkaUjO4ailYTFtHVQ==
  dependencies:
    debug "=3.1.0"

isomorphic-fetch@^3.0.0:
  version "3.0.0"
  resolved "https://registry.yarnpkg.com/isomorphic-fetch/-/isomorphic-fetch-3.0.0.tgz#0267b005049046d2421207215d45d6a262b8b8b4"
  integrity sha512-qvUtwJ3j6qwsF3jLxkZ72qCgjMysPzDfeV240JHiGZsANBYd+EEuu35v7dfrJ9Up0Ak07D7GGSkGhCHTqg/5wA==
  dependencies:
    node-fetch "^2.6.1"
    whatwg-fetch "^3.4.1"

js-yaml@^3.14.0:
  version "3.14.0"
  resolved "https://registry.yarnpkg.com/js-yaml/-/js-yaml-3.14.0.tgz#a7a34170f26a21bb162424d8adacb4113a69e482"
  integrity sha512-/4IbIeHcD9VMHFqDR/gQ7EdZdLimOvW2DdcxFjdyyZ9NsbS+ccrXqVWDtab/lRl5AlUqmpBx8EhPaWR+OtY17A==
  dependencies:
    argparse "^1.0.7"
    esprima "^4.0.0"

ms@2.0.0:
  version "2.0.0"
  resolved "https://registry.yarnpkg.com/ms/-/ms-2.0.0.tgz#5608aeadfc00be6c2901df5f9861788de0d597c8"
  integrity sha1-VgiurfwAvmwpAd9fmGF4jeDVl8g=

node-fetch@^2.6.1:
  version "2.6.1"
  resolved "https://registry.yarnpkg.com/node-fetch/-/node-fetch-2.6.1.tgz#045bd323631f76ed2e2b55573394416b639a0052"
  integrity sha512-V4aYg89jEoVRxRb2fJdAg8FHvI7cEyYdVAh94HH0UIK8oJxUfkjlDQN9RbMx+bEjP7+ggMiFRprSti032Oipxw==

re-cli@../../re-cli:
  version "0.1.0"
  dependencies:
    bs-parse "https://github.com/aitoroses/bs-parse"
    js-yaml "^3.14.0"
    tablecloth-bucklescript "https://github.com/darklang/tablecloth"

sprintf-js@~1.0.2:
  version "1.0.3"
  resolved "https://registry.yarnpkg.com/sprintf-js/-/sprintf-js-1.0.3.tgz#04e6926f662895354f3dd015203633b857297e2c"
  integrity sha1-BOaSb2YolTVPPdAVIDYzuFcpfiw=

"tablecloth-bucklescript@https://github.com/darklang/tablecloth":
  version "0.0.7"
  resolved "https://github.com/darklang/tablecloth#7896ab4546195c452489a67b29fbb02c350c381d"

whatwg-fetch@^3.4.1:
  version "3.5.0"
  resolved "https://registry.yarnpkg.com/whatwg-fetch/-/whatwg-fetch-3.5.0.tgz#605a2cd0a7146e5db141e29d1c62ab84c0c4c868"
  integrity sha512-jXkLtsR42xhXg7akoDKvKWE40eJeI+2KZqcp2h3NsOrRnDvtWX36KcKl30dy+hxECivdk2BVUHVNrPtoMBUx6A==
